{
  "name": "CloudProgram",
  "lockfileVersion": 2,
  "requires": true,
  "packages": {
    "": {
      "devDependencies": {
        "@types/node": "^18.17.0"
      }
    },
    "node_modules/@types/node": {
      "version": "18.17.0",
      "resolved": "https://registry.npmjs.org/@types/node/-/node-18.17.0.tgz",
      "integrity": "sha512-GXZxEtOxYGFchyUzxvKI14iff9KZ2DI+A6a37o6EQevtg6uO9t+aUZKcaC1Te5Ng1OnLM7K9NVVj+FbecD9cJg==",
      "dev": true
    }
  },
  "dependencies": {
    "@types/node": {
      "version": "18.17.0",
      "resolved": "https://registry.npmjs.org/@types/node/-/node-18.17.0.tgz",
      "integrity": "sha512-GXZxEtOxYGFchyUzxvKI14iff9KZ2DI+A6a37o6EQevtg6uO9t+aUZKcaC1Te5Ng1OnLM7K9NVVj+FbecD9cJg==",
      "dev": true
    }
  }
}
